
Microsoft Visual Studio Solution File, Format Version 12.00
# Visual Studio Version 17
VisualStudioVersion = 17.8.34511.84
MinimumVisualStudioVersion = 10.0.40219.1
Project("{FAE04EC0-301F-11D3-BF4B-00C04F79EFBC}") = "ChessGUI", "ChessGUI.csproj", "{137E66A0-4541-45FD-BDFF-28607E615A47}"
EndProject
Global
	GlobalSection(SolutionConfigurationPlatforms) = preSolution
		Debug|Any CPU = Debug|Any CPU
		Release|Any CPU = Release|Any CPU
	EndGlobalSection
	GlobalSection(ProjectConfigurationPlatforms) = postSolution
		{137E66A0-4541-45FD-BDFF-28607E615A47}.Debug|Any CPU.ActiveCfg = Debug|Any CPU
		{137E66A0-4541-45FD-BDFF-28607E615A47}.Debug|Any CPU.Build.0 = Debug|Any CPU
		{137E66A0-4541-45FD-BDFF-28607E615A47}.Release|Any CPU.ActiveCfg = Release|Any CPU
		{137E66A0-4541-45FD-BDFF-28607E615A47}.Release|Any CPU.Build.0 = Release|Any CPU
	EndGlobalSection
	GlobalSection(SolutionProperties) = preSolution
		HideSolutionNode = FALSE
	EndGlobalSection
	GlobalSection(ExtensibilityGlobals) = postSolution
		SolutionGuid = {3A7A4129-E5B1-4BCD-A208-C1F6C43A60A9}
	EndGlobalSection
EndGlobal
