
Microsoft Visual Studio Solution File, Format Version 12.00
# Visual Studio Version 17
VisualStudioVersion = 17.8.34511.84
MinimumVisualStudioVersion = 10.0.40219.1
Project("{9A19103F-16F7-4668-BE54-9A1E7A4F7556}") = "ChessGUI", "ChessGUI\ChessGUI.csproj", "{3FCF6E13-F25C-481B-86D4-B8C02AEEE2FF}"
EndProject
Global
	GlobalSection(SolutionConfigurationPlatforms) = preSolution
		Debug|Any CPU = Debug|Any CPU
		Release|Any CPU = Release|Any CPU
	EndGlobalSection
	GlobalSection(ProjectConfigurationPlatforms) = postSolution
		{3FCF6E13-F25C-481B-86D4-B8C02AEEE2FF}.Debug|Any CPU.ActiveCfg = Debug|Any CPU
		{3FCF6E13-F25C-481B-86D4-B8C02AEEE2FF}.Debug|Any CPU.Build.0 = Debug|Any CPU
		{3FCF6E13-F25C-481B-86D4-B8C02AEEE2FF}.Release|Any CPU.ActiveCfg = Release|Any CPU
		{3FCF6E13-F25C-481B-86D4-B8C02AEEE2FF}.Release|Any CPU.Build.0 = Release|Any CPU
	EndGlobalSection
	GlobalSection(SolutionProperties) = preSolution
		HideSolutionNode = FALSE
	EndGlobalSection
	GlobalSection(ExtensibilityGlobals) = postSolution
		SolutionGuid = {3A7A4129-E5B1-4BCD-A208-C1F6C43A60A9}
	EndGlobalSection
EndGlobal
